// !$*UTF8*$!
{
	archiveVersion = 1;
	classes = {
	};
	objectVersion = 46;
	objects = {

/* Begin PBXBuildFile section */
		BD4221E41D9239260061192B /* AppDelegate.swift in Sources */ = {isa = PBXBuildFile; fileRef = BD4221E31D9239260061192B /* AppDelegate.swift */; };
		BD4221E61D9239260061192B /* ViewController.swift in Sources */ = {isa = PBXBuildFile; fileRef = BD4221E51D9239260061192B /* ViewController.swift */; };
		BD4221E91D9239260061192B /* Main.storyboard in Resources */ = {isa = PBXBuildFile; fileRef = BD4221E71D9239260061192B /* Main.storyboard */; };
		BD4221EB1D9239260061192B /* Assets.xcassets in Resources */ = {isa = PBXBuildFile; fileRef = BD4221EA1D9239260061192B /* Assets.xcassets */; };
		BD4221EE1D9239260061192B /* LaunchScreen.storyboard in Resources */ = {isa = PBXBuildFile; fileRef = BD4221EC1D9239260061192B /* LaunchScreen.storyboard */; };
/* End PBXBuildFile section */

/* Begin PBXFileReference section */
		BD4221E01D9239260061192B /* scavengerhunt.app */ = {isa = PBXFileReference; explicitFileType = wrapper.application; includeInIndex = 0; path = scavengerhunt.app; sourceTree = BUILT_PRODUCTS_DIR; };
		BD4221E31D9239260061192B /* AppDelegate.swift */ = {isa = PBXFileReference; lastKnownFileType = sourcecode.swift; path = AppDelegate.swift; sourceTree = "<group>"; };
		BD4221E51D9239260061192B /* ViewController.swift */ = {isa = PBXFileReference; lastKnownFileType = sourcecode.swift; path = ViewController.swift; sourceTree = "<group>"; };
		BD4221E81D9239260061192B /* Base */ = {isa = PBXFileReference; lastKnownFileType = file.storyboard; name = Base; path = Base.lproj/Main.storyboard; sourceTree = "<group>"; };
		BD4221EA1D9239260061192B /* Assets.xcassets */ = {isa = PBXFileReference; lastKnownFileType = folder.assetcatalog; path = Assets.xcassets; sourceTree = "<group>"; };
		BD4221ED1D9239260061192B /* Base */ = {isa = PBXFileReference; lastKnownFileType = file.storyboard; name = Base; path = Base.lproj/LaunchScreen.storyboard; sourceTree = "<group>"; };
		BD4221EF1D9239260061192B /* Info.plist */ = {isa = PBXFileReference; lastKnownFileType = text.plist.xml; path = Info.plist; sourceTree = "<group>"; };
/* End PBXFileReference section */

/* Begin PBXFrameworksBuildPhase section */
		BD4221DD1D9239260061192B /* Frameworks */ = {
			isa = PBXFrameworksBuildPhase;
			buildActionMask = 2147483647;
			files = (
			);
			runOnlyForDeploymentPostprocessing = 0;
		};
/* End PBXFrameworksBuildPhase section */

/* Begin PBXGroup section */
		BD4221D71D9239250061192B = {
			isa = PBXGroup;
			children = (
				BD4221E21D9239260061192B /* scavengerhunt */,
				BD4221E11D9239260061192B /* Products */,
			);
			sourceTree = "<group>";
		};
		BD4221E11D9239260061192B /* Products */ = {
			isa = PBXGroup;
			children = (
				BD4221E01D9239260061192B /* scavengerhunt.app */,
			);
			name = Products;
			sourceTree = "<group>";
		};
		BD4221E21D9239260061192B /* scavengerhunt */ = {
			isa = PBXGroup;
			children = (
				BD4221E31D9239260061192B /* AppDelegate.swift */,
				BD4221E51D9239260061192B /* ViewController.swift */,
				BD4221E71D9239260061192B /* Main.storyboard */,
				BD4221EA1D9239260061192B /* Assets.xcassets */,
				BD4221EC1D9239260061192B /* LaunchScreen.storyboard */,
				BD4221EF1D9239260061192B /* Info.plist */,
			);
			path = scavengerhunt;
			sourceTree = "<group>";
		};
/* End PBXGroup section */

/* Begin PBXNativeTarget section */
		BD4221DF1D9239260061192B /* scavengerhunt */ = {
			isa = PBXNativeTarget;
			buildConfigurationList = BD4221F21D9239260061192B /* Build configuration list for PBXNativeTarget "scavengerhunt" */;
			buildPhases = (
				BD4221DC1D9239260061192B /* Sources */,
				BD4221DD1D9239260061192B /* Frameworks */,
				BD4221DE1D9239260061192B /* Resources */,
			);
			buildRules = (
			);
			dependencies = (
			);
			name = scavengerhunt;
			productName = scavengerhunt;
			productReference = BD4221E01D9239260061192B /* scavengerhunt.app */;
			productType = "com.apple.product-type.application";
		};
/* End PBXNativeTarget section */

/* Begin PBXProject section */
		BD4221D81D9239250061192B /* Project object */ = {
			isa = PBXProject;
			attributes = {
				LastSwiftUpdateCheck = 0730;
				LastUpgradeCheck = 0730;
				ORGANIZATIONNAME = "Darwin Mendyke";
				TargetAttributes = {
					BD4221DF1D9239260061192B = {
						CreatedOnToolsVersion = 7.3.1;
					};
				};
			};
			buildConfigurationList = BD4221DB1D9239250061192B /* Build configuration list for PBXProject "scavengerhunt" */;
			compatibilityVersion = "Xcode 3.2";
			developmentRegion = English;
			hasScannedForEncodings = 0;
			knownRegions = (
				en,
				Base,
			);
			mainGroup = BD4221D71D9239250061192B;
			productRefGroup = BD4221E11D9239260061192B /* Products */;
			projectDirPath = "";
			projectRoot = "";
			targets = (
				BD4221DF1D9239260061192B /* scavengerhunt */,
			);
		};
/* End PBXProject section */

/* Begin PBXResourcesBuildPhase section */
		BD4221DE1D9239260061192B /* Resources */ = {
			isa = PBXResourcesBuildPhase;
			buildActionMask = 2147483647;
			files = (
				BD4221EE1D9239260061192B /* LaunchScreen.storyboard in Resources */,
				BD4221EB1D9239260061192B /* Assets.xcassets in Resources */,
				BD4221E91D9239260061192B /* Main.storyboard in Resources */,
			);
			runOnlyForDeploymentPostprocessing = 0;
		};
/* End PBXResourcesBuildPhase section */

/* Begin PBXSourcesBuildPhase section */
		BD4221DC1D9239260061192B /* Sources */ = {
			isa = PBXSourcesBuildPhase;
			buildActionMask = 2147483647;
			files = (
				BD4221E61D9239260061192B /* ViewController.swift in Sources */,
				BD4221E41D9239260061192B /* AppDelegate.swift in Sources */,
			);
			runOnlyForDeploymentPostprocessing = 0;
		};
/* End PBXSourcesBuildPhase section */

/* Begin PBXVariantGroup section */
		BD4221E71D9239260061192B /* Main.storyboard */ = {
			isa = PBXVariantGroup;
			children = (
				BD4221E81D9239260061192B /* Base */,
			);
			name = Main.storyboard;
			sourceTree = "<group>";
		};
		BD4221EC1D9239260061192B /* LaunchScreen.storyboard */ = {
			isa = PBXVariantGroup;
			children = (
				BD4221ED1D9239260061192B /* Base */,
			);
			name = LaunchScreen.storyboard;
			sourceTree = "<group>";
		};
/* End PBXVariantGroup section */

/* Begin XCBuildConfiguration section */
		BD4221F01D9239260061192B /* Debug */ = {
			isa = XCBuildConfiguration;
			buildSettings = {
				ALWAYS_SEARCH_USER_PATHS = NO;
				CLANG_ANALYZER_NONNULL = YES;
				CLANG_CXX_LANGUAGE_STANDARD = "gnu++0x";
				CLANG_CXX_LIBRARY = "libc++";
				CLANG_ENABLE_MODULES = YES;
				CLANG_ENABLE_OBJC_ARC = YES;
				CLANG_WARN_BOOL_CONVERSION = YES;
				CLANG_WARN_CONSTANT_CONVERSION = YES;
				CLANG_WARN_DIRECT_OBJC_ISA_USAGE = YES_ERROR;
				CLANG_WARN_EMPTY_BODY = YES;
				CLANG_WARN_ENUM_CONVERSION = YES;
				CLANG_WARN_INT_CONVERSION = YES;
				CLANG_WARN_OBJC_ROOT_CLASS = YES_ERROR;
				CLANG_WARN_UNREACHABLE_CODE = YES;
				CLANG_WARN__DUPLICATE_METHOD_MATCH = YES;
				"CODE_SIGN_IDENTITY[sdk=iphoneos*]" = "iPhone Developer";
				COPY_PHASE_STRIP = NO;
				DEBUG_INFORMATION_FORMAT = dwarf;
				ENABLE_STRICT_OBJC_MSGSEND = YES;
				ENABLE_TESTABILITY = YES;
				GCC_C_LANGUAGE_STANDARD = gnu99;
				GCC_DYNAMIC_NO_PIC = NO;
				GCC_NO_COMMON_BLOCKS = YES;
				GCC_OPTIMIZATION_LEVEL = 0;
				GCC_PREPROCESSOR_DEFINITIONS = (
					"DEBUG=1",
					"$(inherited)",
				);
				GCC_WARN_64_TO_32_BIT_CONVERSION = YES;
				GCC_WARN_ABOUT_RETURN_TYPE = YES_ERROR;
				GCC_WARN_UNDECLARED_SELECTOR = YES;
				GCC_WARN_UNINITIALIZED_AUTOS = YES_AGGRESSIVE;
				GCC_WARN_UNUSED_FUNCTION = YES;
				GCC_WARN_UNUSED_VARIABLE = YES;
				IPHONEOS_DEPLOYMENT_TARGET = 9.3;
				MTL_ENABLE_DEBUG_INFO = YES;
				ONLY_ACTIVE_ARCH = YES;
				SDKROOT = iphoneos;
				SWIFT_OPTIMIZATION_LEVEL = "-Onone";
			};
			name = Debug;
		};
		BD4221F11D9239260061192B /* Release */ = {
			isa = XCBuildConfiguration;
			buildSettings = {
				ALWAYS_SEARCH_USER_PATHS = NO;
				CLANG_ANALYZER_NONNULL = YES;
				CLANG_CXX_LANGUAGE_STANDARD = "gnu++0x";
				CLANG_CXX_LIBRARY = "libc++";
				CLANG_ENABLE_MODULES = YES;
				CLANG_ENABLE_OBJC_ARC = YES;
				CLANG_WARN_BOOL_CONVERSION = YES;
				CLANG_WARN_CONSTANT_CONVERSION = YES;
				CLANG_WARN_DIRECT_OBJC_ISA_USAGE = YES_ERROR;
				CLANG_WARN_EMPTY_BODY = YES;
				CLANG_WARN_ENUM_CONVERSION = YES;
				CLANG_WARN_INT_CONVERSION = YES;
				CLANG_WARN_OBJC_ROOT_CLASS = YES_ERROR;
				CLANG_WARN_UNREACHABLE_CODE = YES;
				CLANG_WARN__DUPLICATE_METHOD_MATCH = YES;
				"CODE_SIGN_IDENTITY[sdk=iphoneos*]" = "iPhone Developer";
				COPY_PHASE_STRIP = NO;
				DEBUG_INFORMATION_FORMAT = "dwarf-with-dsym";
				ENABLE_NS_ASSERTIONS = NO;
				ENABLE_STRICT_OBJC_MSGSEND = YES;
				GCC_C_LANGUAGE_STANDARD = gnu99;
				GCC_NO_COMMON_BLOCKS = YES;
				GCC_WARN_64_TO_32_BIT_CONVERSION = YES;
				GCC_WARN_ABOUT_RETURN_TYPE = YES_ERROR;
				GCC_WARN_UNDECLARED_SELECTOR = YES;
				GCC_WARN_UNINITIALIZED_AUTOS = YES_AGGRESSIVE;
				GCC_WARN_UNUSED_FUNCTION = YES;
				GCC_WARN_UNUSED_VARIABLE = YES;
				IPHONEOS_DEPLOYMENT_TARGET = 9.3;
				MTL_ENABLE_DEBUG_INFO = NO;
				SDKROOT = iphoneos;
				VALIDATE_PRODUCT = YES;
			};
			name = Release;
		};
		BD4221F31D9239260061192B /* Debug */ = {
			isa = XCBuildConfiguration;
			buildSettings = {
				ASSETCATALOG_COMPILER_APPICON_NAME = AppIcon;
				INFOPLIST_FILE = scavengerhunt/Info.plist;
				LD_RUNPATH_SEARCH_PATHS = "$(inherited) @executable_path/Frameworks";
				PRODUCT_BUNDLE_IDENTIFIER = NiwradStuff.scavengerhunt;
				PRODUCT_NAME = "$(TARGET_NAME)";
			};
			name = Debug;
		};
		BD4221F41D9239260061192B /* Release */ = {
			isa = XCBuildConfiguration;
			buildSettings = {
				ASSETCATALOG_COMPILER_APPICON_NAME = AppIcon;
				INFOPLIST_FILE = scavengerhunt/Info.plist;
				LD_RUNPATH_SEARCH_PATHS = "$(inherited) @executable_path/Frameworks";
				PRODUCT_BUNDLE_IDENTIFIER = NiwradStuff.scavengerhunt;
				PRODUCT_NAME = "$(TARGET_NAME)";
			};
			name = Release;
		};
/* End XCBuildConfiguration section */

/* Begin XCConfigurationList section */
		BD4221DB1D9239250061192B /* Build configuration list for PBXProject "scavengerhunt" */ = {
			isa = XCConfigurationList;
			buildConfigurations = (
				BD4221F01D9239260061192B /* Debug */,
				BD4221F11D9239260061192B /* Release */,
			);
			defaultConfigurationIsVisible = 0;
			defaultConfigurationName = Release;
		};
		BD4221F21D9239260061192B /* Build configuration list for PBXNativeTarget "scavengerhunt" */ = {
			isa = XCConfigurationList;
			buildConfigurations = (
				BD4221F31D9239260061192B /* Debug */,
				BD4221F41D9239260061192B /* Release */,
			);
			defaultConfigurationIsVisible = 0;
		};
/* End XCConfigurationList section */
	};
	rootObject = BD4221D81D9239250061192B /* Project object */;
}
