// !$*UTF8*$!
{
	archiveVersion = 1;
	classes = {
	};
	objectVersion = 46;
	objects = {

/* Begin PBXBuildFile section */
		BD8DCDE41D48552600CC779E /* AppDelegate.swift in Sources */ = {isa = PBXBuildFile; fileRef = BD8DCDE31D48552600CC779E /* AppDelegate.swift */; };
		BD8DCDE61D48552600CC779E /* ViewController.swift in Sources */ = {isa = PBXBuildFile; fileRef = BD8DCDE51D48552600CC779E /* ViewController.swift */; };
		BD8DCDE91D48552600CC779E /* Main.storyboard in Resources */ = {isa = PBXBuildFile; fileRef = BD8DCDE71D48552600CC779E /* Main.storyboard */; };
		BD8DCDEB1D48552600CC779E /* Assets.xcassets in Resources */ = {isa = PBXBuildFile; fileRef = BD8DCDEA1D48552600CC779E /* Assets.xcassets */; };
		BD8DCDEE1D48552600CC779E /* LaunchScreen.storyboard in Resources */ = {isa = PBXBuildFile; fileRef = BD8DCDEC1D48552600CC779E /* LaunchScreen.storyboard */; };
		BD8DCDF91D48552600CC779E /* TipsyTests.swift in Sources */ = {isa = PBXBuildFile; fileRef = BD8DCDF81D48552600CC779E /* TipsyTests.swift */; };
		BD8DCE041D48552600CC779E /* TipsyUITests.swift in Sources */ = {isa = PBXBuildFile; fileRef = BD8DCE031D48552600CC779E /* TipsyUITests.swift */; };
/* End PBXBuildFile section */

/* Begin PBXContainerItemProxy section */
		BD8DCDF51D48552600CC779E /* PBXContainerItemProxy */ = {
			isa = PBXContainerItemProxy;
			containerPortal = BD8DCDD81D48552600CC779E /* Project object */;
			proxyType = 1;
			remoteGlobalIDString = BD8DCDDF1D48552600CC779E;
			remoteInfo = Tipsy;
		};
		BD8DCE001D48552600CC779E /* PBXContainerItemProxy */ = {
			isa = PBXContainerItemProxy;
			containerPortal = BD8DCDD81D48552600CC779E /* Project object */;
			proxyType = 1;
			remoteGlobalIDString = BD8DCDDF1D48552600CC779E;
			remoteInfo = Tipsy;
		};
/* End PBXContainerItemProxy section */

/* Begin PBXFileReference section */
		BD8DCDE01D48552600CC779E /* Tipsy Tips.app */ = {isa = PBXFileReference; explicitFileType = wrapper.application; includeInIndex = 0; path = "Tipsy Tips.app"; sourceTree = BUILT_PRODUCTS_DIR; };
		BD8DCDE31D48552600CC779E /* AppDelegate.swift */ = {isa = PBXFileReference; lastKnownFileType = sourcecode.swift; path = AppDelegate.swift; sourceTree = "<group>"; };
		BD8DCDE51D48552600CC779E /* ViewController.swift */ = {isa = PBXFileReference; lastKnownFileType = sourcecode.swift; path = ViewController.swift; sourceTree = "<group>"; };
		BD8DCDE81D48552600CC779E /* Base */ = {isa = PBXFileReference; lastKnownFileType = file.storyboard; name = Base; path = Base.lproj/Main.storyboard; sourceTree = "<group>"; };
		BD8DCDEA1D48552600CC779E /* Assets.xcassets */ = {isa = PBXFileReference; lastKnownFileType = folder.assetcatalog; path = Assets.xcassets; sourceTree = "<group>"; };
		BD8DCDED1D48552600CC779E /* Base */ = {isa = PBXFileReference; lastKnownFileType = file.storyboard; name = Base; path = Base.lproj/LaunchScreen.storyboard; sourceTree = "<group>"; };
		BD8DCDEF1D48552600CC779E /* Info.plist */ = {isa = PBXFileReference; lastKnownFileType = text.plist.xml; path = Info.plist; sourceTree = "<group>"; };
		BD8DCDF41D48552600CC779E /* Tipsy Tips.xctest */ = {isa = PBXFileReference; explicitFileType = wrapper.cfbundle; includeInIndex = 0; path = "Tipsy Tips.xctest"; sourceTree = BUILT_PRODUCTS_DIR; };
		BD8DCDF81D48552600CC779E /* TipsyTests.swift */ = {isa = PBXFileReference; lastKnownFileType = sourcecode.swift; path = TipsyTests.swift; sourceTree = "<group>"; };
		BD8DCDFA1D48552600CC779E /* Info.plist */ = {isa = PBXFileReference; lastKnownFileType = text.plist.xml; path = Info.plist; sourceTree = "<group>"; };
		BD8DCDFF1D48552600CC779E /* Tipsy Tips.xctest */ = {isa = PBXFileReference; explicitFileType = wrapper.cfbundle; includeInIndex = 0; path = "Tipsy Tips.xctest"; sourceTree = BUILT_PRODUCTS_DIR; };
		BD8DCE031D48552600CC779E /* TipsyUITests.swift */ = {isa = PBXFileReference; lastKnownFileType = sourcecode.swift; path = TipsyUITests.swift; sourceTree = "<group>"; };
		BD8DCE051D48552600CC779E /* Info.plist */ = {isa = PBXFileReference; lastKnownFileType = text.plist.xml; path = Info.plist; sourceTree = "<group>"; };
/* End PBXFileReference section */

/* Begin PBXFrameworksBuildPhase section */
		BD8DCDDD1D48552600CC779E /* Frameworks */ = {
			isa = PBXFrameworksBuildPhase;
			buildActionMask = 2147483647;
			files = (
			);
			runOnlyForDeploymentPostprocessing = 0;
		};
		BD8DCDF11D48552600CC779E /* Frameworks */ = {
			isa = PBXFrameworksBuildPhase;
			buildActionMask = 2147483647;
			files = (
			);
			runOnlyForDeploymentPostprocessing = 0;
		};
		BD8DCDFC1D48552600CC779E /* Frameworks */ = {
			isa = PBXFrameworksBuildPhase;
			buildActionMask = 2147483647;
			files = (
			);
			runOnlyForDeploymentPostprocessing = 0;
		};
/* End PBXFrameworksBuildPhase section */

/* Begin PBXGroup section */
		BD8DCDD71D48552600CC779E = {
			isa = PBXGroup;
			children = (
				BD8DCDE21D48552600CC779E /* Tipsy */,
				BD8DCDF71D48552600CC779E /* TipsyTests */,
				BD8DCE021D48552600CC779E /* TipsyUITests */,
				BD8DCDE11D48552600CC779E /* Products */,
			);
			sourceTree = "<group>";
		};
		BD8DCDE11D48552600CC779E /* Products */ = {
			isa = PBXGroup;
			children = (
				BD8DCDE01D48552600CC779E /* Tipsy Tips.app */,
				BD8DCDF41D48552600CC779E /* Tipsy Tips.xctest */,
				BD8DCDFF1D48552600CC779E /* Tipsy Tips.xctest */,
			);
			name = Products;
			sourceTree = "<group>";
		};
		BD8DCDE21D48552600CC779E /* Tipsy */ = {
			isa = PBXGroup;
			children = (
				BD8DCDE31D48552600CC779E /* AppDelegate.swift */,
				BD8DCDE51D48552600CC779E /* ViewController.swift */,
				BD8DCDE71D48552600CC779E /* Main.storyboard */,
				BD8DCDEA1D48552600CC779E /* Assets.xcassets */,
				BD8DCDEC1D48552600CC779E /* LaunchScreen.storyboard */,
				BD8DCDEF1D48552600CC779E /* Info.plist */,
			);
			path = Tipsy;
			sourceTree = "<group>";
		};
		BD8DCDF71D48552600CC779E /* TipsyTests */ = {
			isa = PBXGroup;
			children = (
				BD8DCDF81D48552600CC779E /* TipsyTests.swift */,
				BD8DCDFA1D48552600CC779E /* Info.plist */,
			);
			path = TipsyTests;
			sourceTree = "<group>";
		};
		BD8DCE021D48552600CC779E /* TipsyUITests */ = {
			isa = PBXGroup;
			children = (
				BD8DCE031D48552600CC779E /* TipsyUITests.swift */,
				BD8DCE051D48552600CC779E /* Info.plist */,
			);
			path = TipsyUITests;
			sourceTree = "<group>";
		};
/* End PBXGroup section */

/* Begin PBXNativeTarget section */
		BD8DCDDF1D48552600CC779E /* Tipsy Tips */ = {
			isa = PBXNativeTarget;
			buildConfigurationList = BD8DCE081D48552600CC779E /* Build configuration list for PBXNativeTarget "Tipsy Tips" */;
			buildPhases = (
				BD8DCDDC1D48552600CC779E /* Sources */,
				BD8DCDDD1D48552600CC779E /* Frameworks */,
				BD8DCDDE1D48552600CC779E /* Resources */,
			);
			buildRules = (
			);
			dependencies = (
			);
			name = "Tipsy Tips";
			productName = Tipsy;
			productReference = BD8DCDE01D48552600CC779E /* Tipsy Tips.app */;
			productType = "com.apple.product-type.application";
		};
		BD8DCDF31D48552600CC779E /* Tipsy TipsTests */ = {
			isa = PBXNativeTarget;
			buildConfigurationList = BD8DCE0B1D48552600CC779E /* Build configuration list for PBXNativeTarget "Tipsy TipsTests" */;
			buildPhases = (
				BD8DCDF01D48552600CC779E /* Sources */,
				BD8DCDF11D48552600CC779E /* Frameworks */,
				BD8DCDF21D48552600CC779E /* Resources */,
			);
			buildRules = (
			);
			dependencies = (
				BD8DCDF61D48552600CC779E /* PBXTargetDependency */,
			);
			name = "Tipsy TipsTests";
			productName = TipsyTests;
			productReference = BD8DCDF41D48552600CC779E /* Tipsy Tips.xctest */;
			productType = "com.apple.product-type.bundle.unit-test";
		};
		BD8DCDFE1D48552600CC779E /* Tipsy TipsUITests */ = {
			isa = PBXNativeTarget;
			buildConfigurationList = BD8DCE0E1D48552600CC779E /* Build configuration list for PBXNativeTarget "Tipsy TipsUITests" */;
			buildPhases = (
				BD8DCDFB1D48552600CC779E /* Sources */,
				BD8DCDFC1D48552600CC779E /* Frameworks */,
				BD8DCDFD1D48552600CC779E /* Resources */,
			);
			buildRules = (
			);
			dependencies = (
				BD8DCE011D48552600CC779E /* PBXTargetDependency */,
			);
			name = "Tipsy TipsUITests";
			productName = TipsyUITests;
			productReference = BD8DCDFF1D48552600CC779E /* Tipsy Tips.xctest */;
			productType = "com.apple.product-type.bundle.ui-testing";
		};
/* End PBXNativeTarget section */

/* Begin PBXProject section */
		BD8DCDD81D48552600CC779E /* Project object */ = {
			isa = PBXProject;
			attributes = {
				LastSwiftUpdateCheck = 0730;
				LastUpgradeCheck = 0730;
				ORGANIZATIONNAME = "Darwin Mendyke";
				TargetAttributes = {
					BD8DCDDF1D48552600CC779E = {
						CreatedOnToolsVersion = 7.3.1;
					};
					BD8DCDF31D48552600CC779E = {
						CreatedOnToolsVersion = 7.3.1;
						TestTargetID = BD8DCDDF1D48552600CC779E;
					};
					BD8DCDFE1D48552600CC779E = {
						CreatedOnToolsVersion = 7.3.1;
						TestTargetID = BD8DCDDF1D48552600CC779E;
					};
				};
			};
			buildConfigurationList = BD8DCDDB1D48552600CC779E /* Build configuration list for PBXProject "Tipsy Tips" */;
			compatibilityVersion = "Xcode 3.2";
			developmentRegion = English;
			hasScannedForEncodings = 0;
			knownRegions = (
				en,
				Base,
			);
			mainGroup = BD8DCDD71D48552600CC779E;
			productRefGroup = BD8DCDE11D48552600CC779E /* Products */;
			projectDirPath = "";
			projectRoot = "";
			targets = (
				BD8DCDDF1D48552600CC779E /* Tipsy Tips */,
				BD8DCDF31D48552600CC779E /* Tipsy TipsTests */,
				BD8DCDFE1D48552600CC779E /* Tipsy TipsUITests */,
			);
		};
/* End PBXProject section */

/* Begin PBXResourcesBuildPhase section */
		BD8DCDDE1D48552600CC779E /* Resources */ = {
			isa = PBXResourcesBuildPhase;
			buildActionMask = 2147483647;
			files = (
				BD8DCDEE1D48552600CC779E /* LaunchScreen.storyboard in Resources */,
				BD8DCDEB1D48552600CC779E /* Assets.xcassets in Resources */,
				BD8DCDE91D48552600CC779E /* Main.storyboard in Resources */,
			);
			runOnlyForDeploymentPostprocessing = 0;
		};
		BD8DCDF21D48552600CC779E /* Resources */ = {
			isa = PBXResourcesBuildPhase;
			buildActionMask = 2147483647;
			files = (
			);
			runOnlyForDeploymentPostprocessing = 0;
		};
		BD8DCDFD1D48552600CC779E /* Resources */ = {
			isa = PBXResourcesBuildPhase;
			buildActionMask = 2147483647;
			files = (
			);
			runOnlyForDeploymentPostprocessing = 0;
		};
/* End PBXResourcesBuildPhase section */

/* Begin PBXSourcesBuildPhase section */
		BD8DCDDC1D48552600CC779E /* Sources */ = {
			isa = PBXSourcesBuildPhase;
			buildActionMask = 2147483647;
			files = (
				BD8DCDE61D48552600CC779E /* ViewController.swift in Sources */,
				BD8DCDE41D48552600CC779E /* AppDelegate.swift in Sources */,
			);
			runOnlyForDeploymentPostprocessing = 0;
		};
		BD8DCDF01D48552600CC779E /* Sources */ = {
			isa = PBXSourcesBuildPhase;
			buildActionMask = 2147483647;
			files = (
				BD8DCDF91D48552600CC779E /* TipsyTests.swift in Sources */,
			);
			runOnlyForDeploymentPostprocessing = 0;
		};
		BD8DCDFB1D48552600CC779E /* Sources */ = {
			isa = PBXSourcesBuildPhase;
			buildActionMask = 2147483647;
			files = (
				BD8DCE041D48552600CC779E /* TipsyUITests.swift in Sources */,
			);
			runOnlyForDeploymentPostprocessing = 0;
		};
/* End PBXSourcesBuildPhase section */

/* Begin PBXTargetDependency section */
		BD8DCDF61D48552600CC779E /* PBXTargetDependency */ = {
			isa = PBXTargetDependency;
			target = BD8DCDDF1D48552600CC779E /* Tipsy Tips */;
			targetProxy = BD8DCDF51D48552600CC779E /* PBXContainerItemProxy */;
		};
		BD8DCE011D48552600CC779E /* PBXTargetDependency */ = {
			isa = PBXTargetDependency;
			target = BD8DCDDF1D48552600CC779E /* Tipsy Tips */;
			targetProxy = BD8DCE001D48552600CC779E /* PBXContainerItemProxy */;
		};
/* End PBXTargetDependency section */

/* Begin PBXVariantGroup section */
		BD8DCDE71D48552600CC779E /* Main.storyboard */ = {
			isa = PBXVariantGroup;
			children = (
				BD8DCDE81D48552600CC779E /* Base */,
			);
			name = Main.storyboard;
			sourceTree = "<group>";
		};
		BD8DCDEC1D48552600CC779E /* LaunchScreen.storyboard */ = {
			isa = PBXVariantGroup;
			children = (
				BD8DCDED1D48552600CC779E /* Base */,
			);
			name = LaunchScreen.storyboard;
			sourceTree = "<group>";
		};
/* End PBXVariantGroup section */

/* Begin XCBuildConfiguration section */
		BD8DCE061D48552600CC779E /* Debug */ = {
			isa = XCBuildConfiguration;
			buildSettings = {
				ALWAYS_SEARCH_USER_PATHS = NO;
				CLANG_ANALYZER_NONNULL = YES;
				CLANG_CXX_LANGUAGE_STANDARD = "gnu++0x";
				CLANG_CXX_LIBRARY = "libc++";
				CLANG_ENABLE_MODULES = YES;
				CLANG_ENABLE_OBJC_ARC = YES;
				CLANG_WARN_BOOL_CONVERSION = YES;
				CLANG_WARN_CONSTANT_CONVERSION = YES;
				CLANG_WARN_DIRECT_OBJC_ISA_USAGE = YES_ERROR;
				CLANG_WARN_EMPTY_BODY = YES;
				CLANG_WARN_ENUM_CONVERSION = YES;
				CLANG_WARN_INT_CONVERSION = YES;
				CLANG_WARN_OBJC_ROOT_CLASS = YES_ERROR;
				CLANG_WARN_UNREACHABLE_CODE = YES;
				CLANG_WARN__DUPLICATE_METHOD_MATCH = YES;
				"CODE_SIGN_IDENTITY[sdk=iphoneos*]" = "iPhone Developer";
				COPY_PHASE_STRIP = NO;
				DEBUG_INFORMATION_FORMAT = dwarf;
				ENABLE_STRICT_OBJC_MSGSEND = YES;
				ENABLE_TESTABILITY = YES;
				GCC_C_LANGUAGE_STANDARD = gnu99;
				GCC_DYNAMIC_NO_PIC = NO;
				GCC_NO_COMMON_BLOCKS = YES;
				GCC_OPTIMIZATION_LEVEL = 0;
				GCC_PREPROCESSOR_DEFINITIONS = (
					"DEBUG=1",
					"$(inherited)",
				);
				GCC_WARN_64_TO_32_BIT_CONVERSION = YES;
				GCC_WARN_ABOUT_RETURN_TYPE = YES_ERROR;
				GCC_WARN_UNDECLARED_SELECTOR = YES;
				GCC_WARN_UNINITIALIZED_AUTOS = YES_AGGRESSIVE;
				GCC_WARN_UNUSED_FUNCTION = YES;
				GCC_WARN_UNUSED_VARIABLE = YES;
				IPHONEOS_DEPLOYMENT_TARGET = 9.3;
				MTL_ENABLE_DEBUG_INFO = YES;
				ONLY_ACTIVE_ARCH = YES;
				SDKROOT = iphoneos;
				SWIFT_OPTIMIZATION_LEVEL = "-Onone";
			};
			name = Debug;
		};
		BD8DCE071D48552600CC779E /* Release */ = {
			isa = XCBuildConfiguration;
			buildSettings = {
				ALWAYS_SEARCH_USER_PATHS = NO;
				CLANG_ANALYZER_NONNULL = YES;
				CLANG_CXX_LANGUAGE_STANDARD = "gnu++0x";
				CLANG_CXX_LIBRARY = "libc++";
				CLANG_ENABLE_MODULES = YES;
				CLANG_ENABLE_OBJC_ARC = YES;
				CLANG_WARN_BOOL_CONVERSION = YES;
				CLANG_WARN_CONSTANT_CONVERSION = YES;
				CLANG_WARN_DIRECT_OBJC_ISA_USAGE = YES_ERROR;
				CLANG_WARN_EMPTY_BODY = YES;
				CLANG_WARN_ENUM_CONVERSION = YES;
				CLANG_WARN_INT_CONVERSION = YES;
				CLANG_WARN_OBJC_ROOT_CLASS = YES_ERROR;
				CLANG_WARN_UNREACHABLE_CODE = YES;
				CLANG_WARN__DUPLICATE_METHOD_MATCH = YES;
				"CODE_SIGN_IDENTITY[sdk=iphoneos*]" = "iPhone Developer";
				COPY_PHASE_STRIP = NO;
				DEBUG_INFORMATION_FORMAT = "dwarf-with-dsym";
				ENABLE_NS_ASSERTIONS = NO;
				ENABLE_STRICT_OBJC_MSGSEND = YES;
				GCC_C_LANGUAGE_STANDARD = gnu99;
				GCC_NO_COMMON_BLOCKS = YES;
				GCC_WARN_64_TO_32_BIT_CONVERSION = YES;
				GCC_WARN_ABOUT_RETURN_TYPE = YES_ERROR;
				GCC_WARN_UNDECLARED_SELECTOR = YES;
				GCC_WARN_UNINITIALIZED_AUTOS = YES_AGGRESSIVE;
				GCC_WARN_UNUSED_FUNCTION = YES;
				GCC_WARN_UNUSED_VARIABLE = YES;
				IPHONEOS_DEPLOYMENT_TARGET = 9.3;
				MTL_ENABLE_DEBUG_INFO = NO;
				SDKROOT = iphoneos;
				VALIDATE_PRODUCT = YES;
			};
			name = Release;
		};
		BD8DCE091D48552600CC779E /* Debug */ = {
			isa = XCBuildConfiguration;
			buildSettings = {
				ASSETCATALOG_COMPILER_APPICON_NAME = AppIcon;
				INFOPLIST_FILE = Tipsy/Info.plist;
				LD_RUNPATH_SEARCH_PATHS = "$(inherited) @executable_path/Frameworks";
				PRODUCT_BUNDLE_IDENTIFIER = NiwradStuff.Tipsy;
				PRODUCT_NAME = "Tipsy Tips";
			};
			name = Debug;
		};
		BD8DCE0A1D48552600CC779E /* Release */ = {
			isa = XCBuildConfiguration;
			buildSettings = {
				ASSETCATALOG_COMPILER_APPICON_NAME = AppIcon;
				INFOPLIST_FILE = Tipsy/Info.plist;
				LD_RUNPATH_SEARCH_PATHS = "$(inherited) @executable_path/Frameworks";
				PRODUCT_BUNDLE_IDENTIFIER = NiwradStuff.Tipsy;
				PRODUCT_NAME = "Tipsy Tips";
			};
			name = Release;
		};
		BD8DCE0C1D48552600CC779E /* Debug */ = {
			isa = XCBuildConfiguration;
			buildSettings = {
				BUNDLE_LOADER = "$(TEST_HOST)";
				INFOPLIST_FILE = TipsyTests/Info.plist;
				LD_RUNPATH_SEARCH_PATHS = "$(inherited) @executable_path/Frameworks @loader_path/Frameworks";
				PRODUCT_BUNDLE_IDENTIFIER = NiwradStuff.TipsyTests;
				PRODUCT_NAME = "Tipsy Tips";
				TEST_HOST = "$(BUILT_PRODUCTS_DIR)/Tipsy Tips.app/Tipsy Tips";
			};
			name = Debug;
		};
		BD8DCE0D1D48552600CC779E /* Release */ = {
			isa = XCBuildConfiguration;
			buildSettings = {
				BUNDLE_LOADER = "$(TEST_HOST)";
				INFOPLIST_FILE = TipsyTests/Info.plist;
				LD_RUNPATH_SEARCH_PATHS = "$(inherited) @executable_path/Frameworks @loader_path/Frameworks";
				PRODUCT_BUNDLE_IDENTIFIER = NiwradStuff.TipsyTests;
				PRODUCT_NAME = "Tipsy Tips";
				TEST_HOST = "$(BUILT_PRODUCTS_DIR)/Tipsy Tips.app/Tipsy Tips";
			};
			name = Release;
		};
		BD8DCE0F1D48552600CC779E /* Debug */ = {
			isa = XCBuildConfiguration;
			buildSettings = {
				INFOPLIST_FILE = TipsyUITests/Info.plist;
				LD_RUNPATH_SEARCH_PATHS = "$(inherited) @executable_path/Frameworks @loader_path/Frameworks";
				PRODUCT_BUNDLE_IDENTIFIER = NiwradStuff.TipsyUITests;
				PRODUCT_NAME = "Tipsy Tips";
				TEST_TARGET_NAME = Tipsy;
			};
			name = Debug;
		};
		BD8DCE101D48552600CC779E /* Release */ = {
			isa = XCBuildConfiguration;
			buildSettings = {
				INFOPLIST_FILE = TipsyUITests/Info.plist;
				LD_RUNPATH_SEARCH_PATHS = "$(inherited) @executable_path/Frameworks @loader_path/Frameworks";
				PRODUCT_BUNDLE_IDENTIFIER = NiwradStuff.TipsyUITests;
				PRODUCT_NAME = "Tipsy Tips";
				TEST_TARGET_NAME = Tipsy;
			};
			name = Release;
		};
/* End XCBuildConfiguration section */

/* Begin XCConfigurationList section */
		BD8DCDDB1D48552600CC779E /* Build configuration list for PBXProject "Tipsy Tips" */ = {
			isa = XCConfigurationList;
			buildConfigurations = (
				BD8DCE061D48552600CC779E /* Debug */,
				BD8DCE071D48552600CC779E /* Release */,
			);
			defaultConfigurationIsVisible = 0;
			defaultConfigurationName = Release;
		};
		BD8DCE081D48552600CC779E /* Build configuration list for PBXNativeTarget "Tipsy Tips" */ = {
			isa = XCConfigurationList;
			buildConfigurations = (
				BD8DCE091D48552600CC779E /* Debug */,
				BD8DCE0A1D48552600CC779E /* Release */,
			);
			defaultConfigurationIsVisible = 0;
		};
		BD8DCE0B1D48552600CC779E /* Build configuration list for PBXNativeTarget "Tipsy TipsTests" */ = {
			isa = XCConfigurationList;
			buildConfigurations = (
				BD8DCE0C1D48552600CC779E /* Debug */,
				BD8DCE0D1D48552600CC779E /* Release */,
			);
			defaultConfigurationIsVisible = 0;
		};
		BD8DCE0E1D48552600CC779E /* Build configuration list for PBXNativeTarget "Tipsy TipsUITests" */ = {
			isa = XCConfigurationList;
			buildConfigurations = (
				BD8DCE0F1D48552600CC779E /* Debug */,
				BD8DCE101D48552600CC779E /* Release */,
			);
			defaultConfigurationIsVisible = 0;
		};
/* End XCConfigurationList section */
	};
	rootObject = BD8DCDD81D48552600CC779E /* Project object */;
}
